{
  "object": {
    "pins": [
      {
        "package": "CombineExt",
        "repositoryURL": "https://github.com/CombineCommunity/CombineExt.git",
        "state": {
          "branch": "main",
          "revision": "581849239060948b626d1173eb0e5926818e7f8c",
          "version": null
        }
      }
    ]
  },
  "version": 1
}
