{
  "object": {
    "pins": [
      {
        "package": "CombineExt",
        "repositoryURL": "https://github.com/CombineCommunity/CombineExt.git",
        "state": {
          "branch": null,
          "revision": "38a4d4cb01f8c7750671c786d33dfbea00cbd131",
          "version": "1.6.1"
        }
      },
      {
        "package": "ModernRIBs",
        "repositoryURL": "https://github.com/DevYeom/ModernRIBs.git",
        "state": {
          "branch": "main",
          "revision": "8884514a2b98e98dd381f941054a5cbb275eaaf2",
          "version": null
        }
      }
    ]
  },
  "version": 1
}
